
Microsoft Visual Studio Solution File, Format Version 12.00
# Visual Studio Version 17
VisualStudioVersion = 17.4.33403.182
MinimumVisualStudioVersion = 10.0.40219.1
Project("{9A19103F-16F7-4668-BE54-9A1E7A4F7556}") = "PhongVu.Domain", "PhongVu.Domain\PhongVu.Domain.csproj", "{E272D97D-451B-4B98-BCD5-1D210ADF765C}"
EndProject
Project("{9A19103F-16F7-4668-BE54-9A1E7A4F7556}") = "PhongVu.Application", "PhongVu.Application\PhongVu.Application.csproj", "{2C3E61D1-9014-4E8B-BFB8-ACDAF297B862}"
EndProject
Project("{9A19103F-16F7-4668-BE54-9A1E7A4F7556}") = "PhongVu.Persistence", "PhongVu.Persistence\PhongVu.Persistence.csproj", "{602A6074-F9AD-49BC-AE79-52FF81BB7B9E}"
EndProject
Project("{9A19103F-16F7-4668-BE54-9A1E7A4F7556}") = "PhongVu.WebApp", "PhongVu.WebApp\PhongVu.WebApp.csproj", "{23B37550-FCC0-4FB8-BCBF-F4311981504B}"
EndProject
Project("{FAE04EC0-301F-11D3-BF4B-00C04F79EFBC}") = "PhongVu.Infrastructure", "PhongVu.Infrastructure\PhongVu.Infrastructure.csproj", "{F42D9FDE-E139-4408-8EBE-A0C333673AA2}"
EndProject
Global
	GlobalSection(SolutionConfigurationPlatforms) = preSolution
		Debug|Any CPU = Debug|Any CPU
		Release|Any CPU = Release|Any CPU
	EndGlobalSection
	GlobalSection(ProjectConfigurationPlatforms) = postSolution
		{E272D97D-451B-4B98-BCD5-1D210ADF765C}.Debug|Any CPU.ActiveCfg = Debug|Any CPU
		{E272D97D-451B-4B98-BCD5-1D210ADF765C}.Debug|Any CPU.Build.0 = Debug|Any CPU
		{E272D97D-451B-4B98-BCD5-1D210ADF765C}.Release|Any CPU.ActiveCfg = Release|Any CPU
		{E272D97D-451B-4B98-BCD5-1D210ADF765C}.Release|Any CPU.Build.0 = Release|Any CPU
		{2C3E61D1-9014-4E8B-BFB8-ACDAF297B862}.Debug|Any CPU.ActiveCfg = Debug|Any CPU
		{2C3E61D1-9014-4E8B-BFB8-ACDAF297B862}.Debug|Any CPU.Build.0 = Debug|Any CPU
		{2C3E61D1-9014-4E8B-BFB8-ACDAF297B862}.Release|Any CPU.ActiveCfg = Release|Any CPU
		{2C3E61D1-9014-4E8B-BFB8-ACDAF297B862}.Release|Any CPU.Build.0 = Release|Any CPU
		{602A6074-F9AD-49BC-AE79-52FF81BB7B9E}.Debug|Any CPU.ActiveCfg = Debug|Any CPU
		{602A6074-F9AD-49BC-AE79-52FF81BB7B9E}.Debug|Any CPU.Build.0 = Debug|Any CPU
		{602A6074-F9AD-49BC-AE79-52FF81BB7B9E}.Release|Any CPU.ActiveCfg = Release|Any CPU
		{602A6074-F9AD-49BC-AE79-52FF81BB7B9E}.Release|Any CPU.Build.0 = Release|Any CPU
		{23B37550-FCC0-4FB8-BCBF-F4311981504B}.Debug|Any CPU.ActiveCfg = Debug|Any CPU
		{23B37550-FCC0-4FB8-BCBF-F4311981504B}.Debug|Any CPU.Build.0 = Debug|Any CPU
		{23B37550-FCC0-4FB8-BCBF-F4311981504B}.Release|Any CPU.ActiveCfg = Release|Any CPU
		{23B37550-FCC0-4FB8-BCBF-F4311981504B}.Release|Any CPU.Build.0 = Release|Any CPU
		{F42D9FDE-E139-4408-8EBE-A0C333673AA2}.Debug|Any CPU.ActiveCfg = Debug|Any CPU
		{F42D9FDE-E139-4408-8EBE-A0C333673AA2}.Debug|Any CPU.Build.0 = Debug|Any CPU
		{F42D9FDE-E139-4408-8EBE-A0C333673AA2}.Release|Any CPU.ActiveCfg = Release|Any CPU
		{F42D9FDE-E139-4408-8EBE-A0C333673AA2}.Release|Any CPU.Build.0 = Release|Any CPU
	EndGlobalSection
	GlobalSection(SolutionProperties) = preSolution
		HideSolutionNode = FALSE
	EndGlobalSection
	GlobalSection(ExtensibilityGlobals) = postSolution
		SolutionGuid = {4B04B213-0C42-459D-904B-9D402E28A0C0}
	EndGlobalSection
EndGlobal
